
Microsoft Visual Studio Solution File, Format Version 12.00
# Visual Studio Version 16
VisualStudioVersion = 25.0.1703.8
MinimumVisualStudioVersion = 10.0.40219.1
Project("{F2A71F9B-5D33-465A-A702-920D77279786}") = "fsxc", "fsxc\fsxc.fsproj", "{9E754152-E69A-4DB9-B23A-3B72C189FF5A}"
EndProject
Project("{F2A71F9B-5D33-465A-A702-920D77279786}") = "Fsdk", "Fsdk\Fsdk.fsproj", "{B532D664-2864-4532-9673-3E52DD363BB9}"
EndProject
Project("{2150E333-8FDC-42A3-9474-1A3956D46DE8}") = "build", "build", "{17C46E45-4C73-4981-9EE4-686675C2DDBB}"
	ProjectSection(SolutionItems) = preProject
		configure.sh = configure.sh
		Makefile = Makefile
		scripts\install.sh = scripts\install.sh
		launcher.fsx = launcher.fsx
		scripts\build.sh = scripts\build.sh
		scripts\launcher.sh = scripts\launcher.sh
		compileFSharpScripts.fsx = compileFSharpScripts.fsx
		make.bat = make.bat
		scripts\make.fsx = scripts\make.fsx
		.github\workflows\CI.yml = .github\workflows\CI.yml
		scripts\runTests.fsx = scripts\runTests.fsx
		scripts\fsx.bat = scripts\fsx.bat
	EndProjectSection
EndProject
Project("{2150E333-8FDC-42A3-9474-1A3956D46DE8}") = "test", "test", "{C51659D1-9E99-4C52-A7E4-DCD12922AE73}"
	ProjectSection(SolutionItems) = preProject
		test\test.fs = test\test.fs
		test\test.fsx = test\test.fsx
		test\testFsiCommandLineArgs.fsx = test\testFsiCommandLineArgs.fsx
		test\testIfDef.fsx = test\testIfDef.fsx
		test\testProcess.fsx = test\testProcess.fsx
		test\testProcessConcurrency.fsx = test\testProcessConcurrency.fsx
		test\testProcessConcurrencySample.fsx = test\testProcessConcurrencySample.fsx
		test\testProcessSample.fsx = test\testProcessSample.fsx
		test\testRefLib.fsx = test\testRefLib.fsx
		test\testRefLibOutsideCurrentFolder.fsx = test\testRefLibOutsideCurrentFolder.fsx
		test\testRefNugetLib.fsx = test\testRefNugetLib.fsx
		test\testRefNugetLibNewFormat.fsx = test\testRefNugetLibNewFormat.fsx
		test\testRefNugetLibNewFormatWithVersion.fsx = test\testRefNugetLibNewFormatWithVersion.fsx
		test\testLegacyFx.fsx = test\testLegacyFx.fsx
		test\testNonLegacyFx.fsx = test\testNonLegacyFx.fsx
	EndProjectSection
EndProject
Project("{2150E333-8FDC-42A3-9474-1A3956D46DE8}") = "Tools", "Tools", "{FD764CDA-F880-4954-BA6C-1FC678D64988}"
	ProjectSection(SolutionItems) = preProject
                Tools\bump.fsx = Tools\bump.fsx
                Tools\replace.fsx = Tools\replace.fsx
                Tools\safeRun.fsx = Tools\safeRun.fsx
                Tools\nugetPush.fsx = Tools\nugetPush.fsx
                Tools\fsi.bat = Tools\fsi.bat
                Tools\gitPush1by1.fsx = Tools\gitPush1by1.fsx
	EndProjectSection
EndProject
Project("{6EC3EE1D-3C4E-46DD-8F32-0CC8E7565705}") = "Fsdk.Tests", "Fsdk.Tests\Fsdk.Tests.fsproj", "{43BA7E25-975B-4DF9-B274-EEF6C806C1D0}"
EndProject
Global
	GlobalSection(SolutionConfigurationPlatforms) = preSolution
		Debug|Any CPU = Debug|Any CPU
		Release|Any CPU = Release|Any CPU
	EndGlobalSection
	GlobalSection(ProjectConfigurationPlatforms) = postSolution
		{9E754152-E69A-4DB9-B23A-3B72C189FF5A}.Debug|Any CPU.ActiveCfg = Debug|Any CPU
		{9E754152-E69A-4DB9-B23A-3B72C189FF5A}.Debug|Any CPU.Build.0 = Debug|Any CPU
		{9E754152-E69A-4DB9-B23A-3B72C189FF5A}.Release|Any CPU.ActiveCfg = Release|Any CPU
		{9E754152-E69A-4DB9-B23A-3B72C189FF5A}.Release|Any CPU.Build.0 = Release|Any CPU
		{B532D664-2864-4532-9673-3E52DD363BB9}.Debug|Any CPU.ActiveCfg = Debug|Any CPU
		{B532D664-2864-4532-9673-3E52DD363BB9}.Debug|Any CPU.Build.0 = Debug|Any CPU
		{B532D664-2864-4532-9673-3E52DD363BB9}.Release|Any CPU.ActiveCfg = Release|Any CPU
		{B532D664-2864-4532-9673-3E52DD363BB9}.Release|Any CPU.Build.0 = Release|Any CPU
		{43BA7E25-975B-4DF9-B274-EEF6C806C1D0}.Debug|Any CPU.ActiveCfg = Debug|Any CPU
		{43BA7E25-975B-4DF9-B274-EEF6C806C1D0}.Debug|Any CPU.Build.0 = Debug|Any CPU
		{43BA7E25-975B-4DF9-B274-EEF6C806C1D0}.Release|Any CPU.ActiveCfg = Release|Any CPU
		{43BA7E25-975B-4DF9-B274-EEF6C806C1D0}.Release|Any CPU.Build.0 = Release|Any CPU
	EndGlobalSection
	GlobalSection(SolutionProperties) = preSolution
		HideSolutionNode = FALSE
	EndGlobalSection
	GlobalSection(ExtensibilityGlobals) = postSolution
		SolutionGuid = {54AE85AF-9488-4563-80D5-97FACD773DDA}
	EndGlobalSection
EndGlobal
